// !$*UTF8*$!
{
	archiveVersion = 1;
	classes = {
	};
	objectVersion = 77;
	objects = {

/* Begin PBXBuildFile section */
		D30284292FA7CAB9008387AB /* Supabase in Frameworks */ = {isa = PBXBuildFile; productRef = D30283D12FA7C932008387AB /* Supabase */; };
		D37409CF2FB229AB003448A5 /* RoleSelectionView.swift in Sources */ = {isa = PBXBuildFile; fileRef = D374099C2FB229AB003448A5 /* RoleSelectionView.swift */; };
		D37409D02FB229AB003448A5 /* LoginView.swift in Sources */ = {isa = PBXBuildFile; fileRef = D374099A2FB229AB003448A5 /* LoginView.swift */; };
		D37409D12FB229AB003448A5 /* SupabaseManager.swift in Sources */ = {isa = PBXBuildFile; fileRef = D37409C92FB229AB003448A5 /* SupabaseManager.swift */; };
		D37409D22FB229AB003448A5 /* NotificationModels.swift in Sources */ = {isa = PBXBuildFile; fileRef = D37409C42FB229AB003448A5 /* NotificationModels.swift */; };
		D37409D32FB229AB003448A5 /* BuddyOnboardingFlow.swift in Sources */ = {isa = PBXBuildFile; fileRef = D37409A22FB229AB003448A5 /* BuddyOnboardingFlow.swift */; };
		D37409D42FB229AB003448A5 /* RequestHelpFlow.swift in Sources */ = {isa = PBXBuildFile; fileRef = D37409B72FB229AB003448A5 /* RequestHelpFlow.swift */; };
		D37409D52FB229AB003448A5 /* CordaanBuddyOnboardingFlow.swift in Sources */ = {isa = PBXBuildFile; fileRef = D37409A72FB229AB003448A5 /* CordaanBuddyOnboardingFlow.swift */; };
		D3740A032FB23079003448A5 /* AdminPhoneRequestView.swift in Sources */ = {isa = PBXBuildFile; fileRef = D3740A022FB23079003448A5 /* AdminPhoneRequestView.swift */; };
		D37409D62FB229AB003448A5 /* AdminMembershipsView.swift in Sources */ = {isa = PBXBuildFile; fileRef = D37409952FB229AB003448A5 /* AdminMembershipsView.swift */; };
		D37409D72FB229AB003448A5 /* BCTypography.swift in Sources */ = {isa = PBXBuildFile; fileRef = D37409B02FB229AB003448A5 /* BCTypography.swift */; };
		D37409D82FB229AB003448A5 /* SOSView.swift in Sources */ = {isa = PBXBuildFile; fileRef = D37409B92FB229AB003448A5 /* SOSView.swift */; };
		D37409D92FB229AB003448A5 /* MockData.swift in Sources */ = {isa = PBXBuildFile; fileRef = D37409C22FB229AB003448A5 /* MockData.swift */; };
		D37409DA2FB229AB003448A5 /* TaskService.swift in Sources */ = {isa = PBXBuildFile; fileRef = D37409CA2FB229AB003448A5 /* TaskService.swift */; };
		D37409DB2FB229AB003448A5 /* RootView.swift in Sources */ = {isa = PBXBuildFile; fileRef = D374099D2FB229AB003448A5 /* RootView.swift */; };
		D37409DC2FB229AB003448A5 /* BCComponents.swift in Sources */ = {isa = PBXBuildFile; fileRef = D37409AF2FB229AB003448A5 /* BCComponents.swift */; };
		D37409DD2FB229AB003448A5 /* Models.swift in Sources */ = {isa = PBXBuildFile; fileRef = D37409C32FB229AB003448A5 /* Models.swift */; };
		D37409DE2FB229AB003448A5 /* Config.swift in Sources */ = {isa = PBXBuildFile; fileRef = D37409992FB229AB003448A5 /* Config.swift */; };
		D37409DF2FB229AB003448A5 /* BuddyProfileView.swift in Sources */ = {isa = PBXBuildFile; fileRef = D37409A32FB229AB003448A5 /* BuddyProfileView.swift */; };
		D37409E02FB229AB003448A5 /* ReviewView.swift in Sources */ = {isa = PBXBuildFile; fileRef = D37409B82FB229AB003448A5 /* ReviewView.swift */; };
		D37409E12FB229AB003448A5 /* EarningsView.swift in Sources */ = {isa = PBXBuildFile; fileRef = D37409AA2FB229AB003448A5 /* EarningsView.swift */; };
		D37409E22FB229AB003448A5 /* CheckInFlow.swift in Sources */ = {isa = PBXBuildFile; fileRef = D37409A62FB229AB003448A5 /* CheckInFlow.swift */; };
		D37409E32FB229AB003448A5 /* ElderlyTabView.swift in Sources */ = {isa = PBXBuildFile; fileRef = D37409B42FB229AB003448A5 /* ElderlyTabView.swift */; };
		D37409E42FB229AB003448A5 /* CoursesView.swift in Sources */ = {isa = PBXBuildFile; fileRef = D37409A92FB229AB003448A5 /* CoursesView.swift */; };
		D37409E52FB229AB003448A5 /* AdminBillingView.swift in Sources */ = {isa = PBXBuildFile; fileRef = D37409942FB229AB003448A5 /* AdminBillingView.swift */; };
		D37409E62FB229AB003448A5 /* FamilyDashboardView.swift in Sources */ = {isa = PBXBuildFile; fileRef = D37409BC2FB229AB003448A5 /* FamilyDashboardView.swift */; };
		D37409E72FB229AB003448A5 /* ElderlyProfileView.swift in Sources */ = {isa = PBXBuildFile; fileRef = D37409B32FB229AB003448A5 /* ElderlyProfileView.swift */; };
		D37409E82FB229AB003448A5 /* CertificateView.swift in Sources */ = {isa = PBXBuildFile; fileRef = D37409A52FB229AB003448A5 /* CertificateView.swift */; };
		D37409E92FB229AB003448A5 /* AdminTabView.swift in Sources */ = {isa = PBXBuildFile; fileRef = D37409962FB229AB003448A5 /* AdminTabView.swift */; };
		D37409EA2FB229AB003448A5 /* BuddyMapView.swift in Sources */ = {isa = PBXBuildFile; fileRef = D37409A12FB229AB003448A5 /* BuddyMapView.swift */; };
		D37409EB2FB229AB003448A5 /* PaymentOverviewView.swift in Sources */ = {isa = PBXBuildFile; fileRef = D37409B62FB229AB003448A5 /* PaymentOverviewView.swift */; };
		D37409EC2FB229AB003448A5 /* BuddyTabView.swift in Sources */ = {isa = PBXBuildFile; fileRef = D37409A42FB229AB003448A5 /* BuddyTabView.swift */; };
		D37409ED2FB229AB003448A5 /* ProfileService.swift in Sources */ = {isa = PBXBuildFile; fileRef = D37409C82FB229AB003448A5 /* ProfileService.swift */; };
		D37409EE2FB229AB003448A5 /* BCColors.swift in Sources */ = {isa = PBXBuildFile; fileRef = D37409AE2FB229AB003448A5 /* BCColors.swift */; };
		D37409EF2FB229AB003448A5 /* ContentView.swift in Sources */ = {isa = PBXBuildFile; fileRef = D37409AD2FB229AB003448A5 /* ContentView.swift */; };
		D37409F02FB229AB003448A5 /* TaskFlow.swift in Sources */ = {isa = PBXBuildFile; fileRef = D37409AB2FB229AB003448A5 /* TaskFlow.swift */; };
		D37409F12FB229AB003448A5 /* CourseModuleView.swift in Sources */ = {isa = PBXBuildFile; fileRef = D37409A82FB229AB003448A5 /* CourseModuleView.swift */; };
		D37409F22FB229AB003448A5 /* WMOGuideView.swift in Sources */ = {isa = PBXBuildFile; fileRef = D37409CD2FB229AB003448A5 /* WMOGuideView.swift */; };
		D37409F32FB229AB003448A5 /* OrganizationOnboardingFlow.swift in Sources */ = {isa = PBXBuildFile; fileRef = D374099B2FB229AB003448A5 /* OrganizationOnboardingFlow.swift */; };
		D37409F42FB229AB003448A5 /* Buddie_CareApp.swift in Sources */ = {isa = PBXBuildFile; fileRef = D37409A02FB229AB003448A5 /* Buddie_CareApp.swift */; };
		D37409F52FB229AB003448A5 /* ActivityTimelineView.swift in Sources */ = {isa = PBXBuildFile; fileRef = D37409BB2FB229AB003448A5 /* ActivityTimelineView.swift */; };
		D37409F62FB229AB003448A5 /* AuthService.swift in Sources */ = {isa = PBXBuildFile; fileRef = D37409C62FB229AB003448A5 /* AuthService.swift */; };
		D37409F72FB229AB003448A5 /* FamilyTabView.swift in Sources */ = {isa = PBXBuildFile; fileRef = D37409BF2FB229AB003448A5 /* FamilyTabView.swift */; };
		D37409F82FB229AB003448A5 /* AppState.swift in Sources */ = {isa = PBXBuildFile; fileRef = D37409982FB229AB003448A5 /* AppState.swift */; };
		D37409F92FB229AB003448A5 /* FamilyProfileView.swift in Sources */ = {isa = PBXBuildFile; fileRef = D37409BE2FB229AB003448A5 /* FamilyProfileView.swift */; };
		D37409FA2FB229AB003448A5 /* MockServices.swift in Sources */ = {isa = PBXBuildFile; fileRef = D37409C72FB229AB003448A5 /* MockServices.swift */; };
		D37409FB2FB229AB003448A5 /* SplashView.swift in Sources */ = {isa = PBXBuildFile; fileRef = D37409CC2FB229AB003448A5 /* SplashView.swift */; };
		D37409FC2FB229AB003448A5 /* FamilyLinkingView.swift in Sources */ = {isa = PBXBuildFile; fileRef = D37409BD2FB229AB003448A5 /* FamilyLinkingView.swift */; };
		D37409FD2FB229AB003448A5 /* ElderlyHomeView.swift in Sources */ = {isa = PBXBuildFile; fileRef = D37409B22FB229AB003448A5 /* ElderlyHomeView.swift */; };
		D37409FE2FB229AB003448A5 /* CourseContent.swift in Sources */ = {isa = PBXBuildFile; fileRef = D37409C12FB229AB003448A5 /* CourseContent.swift */; };
		D37409FF2FB229AB003448A5 /* MyBuddiesView.swift in Sources */ = {isa = PBXBuildFile; fileRef = D37409B52FB229AB003448A5 /* MyBuddiesView.swift */; };
		D3740A002FB229AB003448A5 /* Assets.xcassets in Resources */ = {isa = PBXBuildFile; fileRef = D374099F2FB229AB003448A5 /* Assets.xcassets */; };
		AA01ABCD2FC100000000B001 /* SpeechService.swift in Sources */ = {isa = PBXBuildFile; fileRef = AA01ABCD2FC100000000A001 /* SpeechService.swift */; };
		AA02ABCD2FC100000000B002 /* MatchingService.swift in Sources */ = {isa = PBXBuildFile; fileRef = AA02ABCD2FC100000000A002 /* MatchingService.swift */; };
		AA03ABCD2FC100000000B003 /* VoiceTaskInputView.swift in Sources */ = {isa = PBXBuildFile; fileRef = AA03ABCD2FC100000000A003 /* VoiceTaskInputView.swift */; };
		AA04ABCD2FC100000000B004 /* BuddyPreferencesView.swift in Sources */ = {isa = PBXBuildFile; fileRef = AA04ABCD2FC100000000A004 /* BuddyPreferencesView.swift */; };
		AA05ABCD2FC100000000B005 /* LevelUnlockedPreferencesSheet.swift in Sources */ = {isa = PBXBuildFile; fileRef = AA05ABCD2FC100000000A005 /* LevelUnlockedPreferencesSheet.swift */; };
/* End PBXBuildFile section */

/* Begin PBXFileReference section */
		D30283182FA68640008387AB /* Buddy Care.app */ = {isa = PBXFileReference; explicitFileType = wrapper.application; includeInIndex = 0; path = "Buddy Care.app"; sourceTree = BUILT_PRODUCTS_DIR; };
		D37409942FB229AB003448A5 /* AdminBillingView.swift */ = {isa = PBXFileReference; lastKnownFileType = sourcecode.swift; path = AdminBillingView.swift; sourceTree = "<group>"; };
		D37409952FB229AB003448A5 /* AdminMembershipsView.swift */ = {isa = PBXFileReference; lastKnownFileType = sourcecode.swift; path = AdminMembershipsView.swift; sourceTree = "<group>"; };
		D37409962FB229AB003448A5 /* AdminTabView.swift */ = {isa = PBXFileReference; lastKnownFileType = sourcecode.swift; path = AdminTabView.swift; sourceTree = "<group>"; };
		D3740A022FB23079003448A5 /* AdminPhoneRequestView.swift */ = {isa = PBXFileReference; lastKnownFileType = sourcecode.swift; path = AdminPhoneRequestView.swift; sourceTree = "<group>"; };
		D37409982FB229AB003448A5 /* AppState.swift */ = {isa = PBXFileReference; lastKnownFileType = sourcecode.swift; path = AppState.swift; sourceTree = "<group>"; };
		D37409992FB229AB003448A5 /* Config.swift */ = {isa = PBXFileReference; lastKnownFileType = sourcecode.swift; path = Config.swift; sourceTree = "<group>"; };
		D374099A2FB229AB003448A5 /* LoginView.swift */ = {isa = PBXFileReference; lastKnownFileType = sourcecode.swift; path = LoginView.swift; sourceTree = "<group>"; };
		D374099B2FB229AB003448A5 /* OrganizationOnboardingFlow.swift */ = {isa = PBXFileReference; lastKnownFileType = sourcecode.swift; path = OrganizationOnboardingFlow.swift; sourceTree = "<group>"; };
		D374099C2FB229AB003448A5 /* RoleSelectionView.swift */ = {isa = PBXFileReference; lastKnownFileType = sourcecode.swift; path = RoleSelectionView.swift; sourceTree = "<group>"; };
		D374099D2FB229AB003448A5 /* RootView.swift */ = {isa = PBXFileReference; lastKnownFileType = sourcecode.swift; path = RootView.swift; sourceTree = "<group>"; };
		D374099F2FB229AB003448A5 /* Assets.xcassets */ = {isa = PBXFileReference; lastKnownFileType = folder.assetcatalog; path = Assets.xcassets; sourceTree = "<group>"; };
		D37409A02FB229AB003448A5 /* Buddie_CareApp.swift */ = {isa = PBXFileReference; lastKnownFileType = sourcecode.swift; path = Buddie_CareApp.swift; sourceTree = "<group>"; };
		D37409A12FB229AB003448A5 /* BuddyMapView.swift */ = {isa = PBXFileReference; lastKnownFileType = sourcecode.swift; path = BuddyMapView.swift; sourceTree = "<group>"; };
		D37409A22FB229AB003448A5 /* BuddyOnboardingFlow.swift */ = {isa = PBXFileReference; lastKnownFileType = sourcecode.swift; path = BuddyOnboardingFlow.swift; sourceTree = "<group>"; };
		D37409A32FB229AB003448A5 /* BuddyProfileView.swift */ = {isa = PBXFileReference; lastKnownFileType = sourcecode.swift; path = BuddyProfileView.swift; sourceTree = "<group>"; };
		D37409A42FB229AB003448A5 /* BuddyTabView.swift */ = {isa = PBXFileReference; lastKnownFileType = sourcecode.swift; path = BuddyTabView.swift; sourceTree = "<group>"; };
		D37409A52FB229AB003448A5 /* CertificateView.swift */ = {isa = PBXFileReference; lastKnownFileType = sourcecode.swift; path = CertificateView.swift; sourceTree = "<group>"; };
		D37409A62FB229AB003448A5 /* CheckInFlow.swift */ = {isa = PBXFileReference; lastKnownFileType = sourcecode.swift; path = CheckInFlow.swift; sourceTree = "<group>"; };
		D37409A72FB229AB003448A5 /* CordaanBuddyOnboardingFlow.swift */ = {isa = PBXFileReference; lastKnownFileType = sourcecode.swift; path = CordaanBuddyOnboardingFlow.swift; sourceTree = "<group>"; };
		D37409A82FB229AB003448A5 /* CourseModuleView.swift */ = {isa = PBXFileReference; lastKnownFileType = sourcecode.swift; path = CourseModuleView.swift; sourceTree = "<group>"; };
		D37409A92FB229AB003448A5 /* CoursesView.swift */ = {isa = PBXFileReference; lastKnownFileType = sourcecode.swift; path = CoursesView.swift; sourceTree = "<group>"; };
		D37409AA2FB229AB003448A5 /* EarningsView.swift */ = {isa = PBXFileReference; lastKnownFileType = sourcecode.swift; path = EarningsView.swift; sourceTree = "<group>"; };
		D37409AB2FB229AB003448A5 /* TaskFlow.swift */ = {isa = PBXFileReference; lastKnownFileType = sourcecode.swift; path = TaskFlow.swift; sourceTree = "<group>"; };
		D37409AD2FB229AB003448A5 /* ContentView.swift */ = {isa = PBXFileReference; lastKnownFileType = sourcecode.swift; path = ContentView.swift; sourceTree = "<group>"; };
		D37409AE2FB229AB003448A5 /* BCColors.swift */ = {isa = PBXFileReference; lastKnownFileType = sourcecode.swift; path = BCColors.swift; sourceTree = "<group>"; };
		D37409AF2FB229AB003448A5 /* BCComponents.swift */ = {isa = PBXFileReference; lastKnownFileType = sourcecode.swift; path = BCComponents.swift; sourceTree = "<group>"; };
		D37409B02FB229AB003448A5 /* BCTypography.swift */ = {isa = PBXFileReference; lastKnownFileType = sourcecode.swift; path = BCTypography.swift; sourceTree = "<group>"; };
		D37409B22FB229AB003448A5 /* ElderlyHomeView.swift */ = {isa = PBXFileReference; lastKnownFileType = sourcecode.swift; path = ElderlyHomeView.swift; sourceTree = "<group>"; };
		D37409B32FB229AB003448A5 /* ElderlyProfileView.swift */ = {isa = PBXFileReference; lastKnownFileType = sourcecode.swift; path = ElderlyProfileView.swift; sourceTree = "<group>"; };
		D37409B42FB229AB003448A5 /* ElderlyTabView.swift */ = {isa = PBXFileReference; lastKnownFileType = sourcecode.swift; path = ElderlyTabView.swift; sourceTree = "<group>"; };
		D37409B52FB229AB003448A5 /* MyBuddiesView.swift */ = {isa = PBXFileReference; lastKnownFileType = sourcecode.swift; path = MyBuddiesView.swift; sourceTree = "<group>"; };
		D37409B62FB229AB003448A5 /* PaymentOverviewView.swift */ = {isa = PBXFileReference; lastKnownFileType = sourcecode.swift; path = PaymentOverviewView.swift; sourceTree = "<group>"; };
		D37409B72FB229AB003448A5 /* RequestHelpFlow.swift */ = {isa = PBXFileReference; lastKnownFileType = sourcecode.swift; path = RequestHelpFlow.swift; sourceTree = "<group>"; };
		D37409B82FB229AB003448A5 /* ReviewView.swift */ = {isa = PBXFileReference; lastKnownFileType = sourcecode.swift; path = ReviewView.swift; sourceTree = "<group>"; };
		D37409B92FB229AB003448A5 /* SOSView.swift */ = {isa = PBXFileReference; lastKnownFileType = sourcecode.swift; path = SOSView.swift; sourceTree = "<group>"; };
		D37409BB2FB229AB003448A5 /* ActivityTimelineView.swift */ = {isa = PBXFileReference; lastKnownFileType = sourcecode.swift; path = ActivityTimelineView.swift; sourceTree = "<group>"; };
		D37409BC2FB229AB003448A5 /* FamilyDashboardView.swift */ = {isa = PBXFileReference; lastKnownFileType = sourcecode.swift; path = FamilyDashboardView.swift; sourceTree = "<group>"; };
		D37409BD2FB229AB003448A5 /* FamilyLinkingView.swift */ = {isa = PBXFileReference; lastKnownFileType = sourcecode.swift; path = FamilyLinkingView.swift; sourceTree = "<group>"; };
		D37409BE2FB229AB003448A5 /* FamilyProfileView.swift */ = {isa = PBXFileReference; lastKnownFileType = sourcecode.swift; path = FamilyProfileView.swift; sourceTree = "<group>"; };
		D37409BF2FB229AB003448A5 /* FamilyTabView.swift */ = {isa = PBXFileReference; lastKnownFileType = sourcecode.swift; path = FamilyTabView.swift; sourceTree = "<group>"; };
		D37409C12FB229AB003448A5 /* CourseContent.swift */ = {isa = PBXFileReference; lastKnownFileType = sourcecode.swift; path = CourseContent.swift; sourceTree = "<group>"; };
		D37409C22FB229AB003448A5 /* MockData.swift */ = {isa = PBXFileReference; lastKnownFileType = sourcecode.swift; path = MockData.swift; sourceTree = "<group>"; };
		D37409C32FB229AB003448A5 /* Models.swift */ = {isa = PBXFileReference; lastKnownFileType = sourcecode.swift; path = Models.swift; sourceTree = "<group>"; };
		D37409C42FB229AB003448A5 /* NotificationModels.swift */ = {isa = PBXFileReference; lastKnownFileType = sourcecode.swift; path = NotificationModels.swift; sourceTree = "<group>"; };
		D37409C62FB229AB003448A5 /* AuthService.swift */ = {isa = PBXFileReference; lastKnownFileType = sourcecode.swift; path = AuthService.swift; sourceTree = "<group>"; };
		D37409C72FB229AB003448A5 /* MockServices.swift */ = {isa = PBXFileReference; lastKnownFileType = sourcecode.swift; path = MockServices.swift; sourceTree = "<group>"; };
		D37409C82FB229AB003448A5 /* ProfileService.swift */ = {isa = PBXFileReference; lastKnownFileType = sourcecode.swift; path = ProfileService.swift; sourceTree = "<group>"; };
		D37409C92FB229AB003448A5 /* SupabaseManager.swift */ = {isa = PBXFileReference; lastKnownFileType = sourcecode.swift; path = SupabaseManager.swift; sourceTree = "<group>"; };
		D37409CA2FB229AB003448A5 /* TaskService.swift */ = {isa = PBXFileReference; lastKnownFileType = sourcecode.swift; path = TaskService.swift; sourceTree = "<group>"; };
		D37409CC2FB229AB003448A5 /* SplashView.swift */ = {isa = PBXFileReference; lastKnownFileType = sourcecode.swift; path = SplashView.swift; sourceTree = "<group>"; };
		D37409CD2FB229AB003448A5 /* WMOGuideView.swift */ = {isa = PBXFileReference; lastKnownFileType = sourcecode.swift; path = WMOGuideView.swift; sourceTree = "<group>"; };
		D3740A012FB23079003448A5 /* Buddy Care.entitlements */ = {isa = PBXFileReference; lastKnownFileType = text.plist.entitlements; path = "Buddy Care.entitlements"; sourceTree = "<group>"; };
		AA01ABCD2FC100000000A001 /* SpeechService.swift */ = {isa = PBXFileReference; lastKnownFileType = sourcecode.swift; path = SpeechService.swift; sourceTree = "<group>"; };
		AA02ABCD2FC100000000A002 /* MatchingService.swift */ = {isa = PBXFileReference; lastKnownFileType = sourcecode.swift; path = MatchingService.swift; sourceTree = "<group>"; };
		AA03ABCD2FC100000000A003 /* VoiceTaskInputView.swift */ = {isa = PBXFileReference; lastKnownFileType = sourcecode.swift; path = VoiceTaskInputView.swift; sourceTree = "<group>"; };
		AA04ABCD2FC100000000A004 /* BuddyPreferencesView.swift */ = {isa = PBXFileReference; lastKnownFileType = sourcecode.swift; path = BuddyPreferencesView.swift; sourceTree = "<group>"; };
		AA05ABCD2FC100000000A005 /* LevelUnlockedPreferencesSheet.swift */ = {isa = PBXFileReference; lastKnownFileType = sourcecode.swift; path = LevelUnlockedPreferencesSheet.swift; sourceTree = "<group>"; };
/* End PBXFileReference section */

/* Begin PBXFrameworksBuildPhase section */
		D30283152FA68640008387AB /* Frameworks */ = {
			isa = PBXFrameworksBuildPhase;
			buildActionMask = 2147483647;
			files = (
				D30284292FA7CAB9008387AB /* Supabase in Frameworks */,
			);
			runOnlyForDeploymentPostprocessing = 0;
		};
/* End PBXFrameworksBuildPhase section */

/* Begin PBXGroup section */
		D302830F2FA68640008387AB = {
			isa = PBXGroup;
			children = (
				D3740A012FB23079003448A5 /* Buddy Care.entitlements */,
				D37409972FB229AB003448A5 /* Admin */,
				D374099E2FB229AB003448A5 /* App */,
				D374099F2FB229AB003448A5 /* Assets.xcassets */,
				D37409A02FB229AB003448A5 /* Buddie_CareApp.swift */,
				D37409AC2FB229AB003448A5 /* Buddy */,
				D37409AD2FB229AB003448A5 /* ContentView.swift */,
				D37409B12FB229AB003448A5 /* DesignSystem */,
				D37409BA2FB229AB003448A5 /* Elderly */,
				D37409C02FB229AB003448A5 /* Family */,
				D37409C52FB229AB003448A5 /* Models */,
				D37409CB2FB229AB003448A5 /* Services */,
				D37409CE2FB229AB003448A5 /* Shared */,
				D30283192FA68640008387AB /* Products */,
			);
			sourceTree = "<group>";
		};
		D30283192FA68640008387AB /* Products */ = {
			isa = PBXGroup;
			children = (
				D30283182FA68640008387AB /* Buddy Care.app */,
			);
			name = Products;
			sourceTree = "<group>";
		};
		D37409972FB229AB003448A5 /* Admin */ = {
			isa = PBXGroup;
			children = (
				D37409942FB229AB003448A5 /* AdminBillingView.swift */,
				D37409952FB229AB003448A5 /* AdminMembershipsView.swift */,
				D37409962FB229AB003448A5 /* AdminTabView.swift */,
				D3740A022FB23079003448A5 /* AdminPhoneRequestView.swift */,
			);
			path = Admin;
			sourceTree = "<group>";
		};
		D374099E2FB229AB003448A5 /* App */ = {
			isa = PBXGroup;
			children = (
				D37409982FB229AB003448A5 /* AppState.swift */,
				D37409992FB229AB003448A5 /* Config.swift */,
				D374099A2FB229AB003448A5 /* LoginView.swift */,
				D374099B2FB229AB003448A5 /* OrganizationOnboardingFlow.swift */,
				D374099C2FB229AB003448A5 /* RoleSelectionView.swift */,
				D374099D2FB229AB003448A5 /* RootView.swift */,
			);
			path = App;
			sourceTree = "<group>";
		};
		D37409AC2FB229AB003448A5 /* Buddy */ = {
			isa = PBXGroup;
			children = (
				D37409A12FB229AB003448A5 /* BuddyMapView.swift */,
				D37409A22FB229AB003448A5 /* BuddyOnboardingFlow.swift */,
				AA04ABCD2FC100000000A004 /* BuddyPreferencesView.swift */,
				D37409A32FB229AB003448A5 /* BuddyProfileView.swift */,
				D37409A42FB229AB003448A5 /* BuddyTabView.swift */,
				D37409A52FB229AB003448A5 /* CertificateView.swift */,
				D37409A62FB229AB003448A5 /* CheckInFlow.swift */,
				D37409A72FB229AB003448A5 /* CordaanBuddyOnboardingFlow.swift */,
				D37409A82FB229AB003448A5 /* CourseModuleView.swift */,
				D37409A92FB229AB003448A5 /* CoursesView.swift */,
				D37409AA2FB229AB003448A5 /* EarningsView.swift */,
				AA05ABCD2FC100000000A005 /* LevelUnlockedPreferencesSheet.swift */,
				D37409AB2FB229AB003448A5 /* TaskFlow.swift */,
			);
			path = Buddy;
			sourceTree = "<group>";
		};
		D37409B12FB229AB003448A5 /* DesignSystem */ = {
			isa = PBXGroup;
			children = (
				D37409AE2FB229AB003448A5 /* BCColors.swift */,
				D37409AF2FB229AB003448A5 /* BCComponents.swift */,
				D37409B02FB229AB003448A5 /* BCTypography.swift */,
			);
			path = DesignSystem;
			sourceTree = "<group>";
		};
		D37409BA2FB229AB003448A5 /* Elderly */ = {
			isa = PBXGroup;
			children = (
				D37409B22FB229AB003448A5 /* ElderlyHomeView.swift */,
				D37409B32FB229AB003448A5 /* ElderlyProfileView.swift */,
				D37409B42FB229AB003448A5 /* ElderlyTabView.swift */,
				D37409B52FB229AB003448A5 /* MyBuddiesView.swift */,
				D37409B62FB229AB003448A5 /* PaymentOverviewView.swift */,
				D37409B72FB229AB003448A5 /* RequestHelpFlow.swift */,
				D37409B82FB229AB003448A5 /* ReviewView.swift */,
				D37409B92FB229AB003448A5 /* SOSView.swift */,
				AA03ABCD2FC100000000A003 /* VoiceTaskInputView.swift */,
			);
			path = Elderly;
			sourceTree = "<group>";
		};
		D37409C02FB229AB003448A5 /* Family */ = {
			isa = PBXGroup;
			children = (
				D37409BB2FB229AB003448A5 /* ActivityTimelineView.swift */,
				D37409BC2FB229AB003448A5 /* FamilyDashboardView.swift */,
				D37409BD2FB229AB003448A5 /* FamilyLinkingView.swift */,
				D37409BE2FB229AB003448A5 /* FamilyProfileView.swift */,
				D37409BF2FB229AB003448A5 /* FamilyTabView.swift */,
			);
			path = Family;
			sourceTree = "<group>";
		};
		D37409C52FB229AB003448A5 /* Models */ = {
			isa = PBXGroup;
			children = (
				D37409C12FB229AB003448A5 /* CourseContent.swift */,
				D37409C22FB229AB003448A5 /* MockData.swift */,
				D37409C32FB229AB003448A5 /* Models.swift */,
				D37409C42FB229AB003448A5 /* NotificationModels.swift */,
			);
			path = Models;
			sourceTree = "<group>";
		};
		D37409CB2FB229AB003448A5 /* Services */ = {
			isa = PBXGroup;
			children = (
				D37409C62FB229AB003448A5 /* AuthService.swift */,
				AA02ABCD2FC100000000A002 /* MatchingService.swift */,
				D37409C72FB229AB003448A5 /* MockServices.swift */,
				D37409C82FB229AB003448A5 /* ProfileService.swift */,
				AA01ABCD2FC100000000A001 /* SpeechService.swift */,
				D37409C92FB229AB003448A5 /* SupabaseManager.swift */,
				D37409CA2FB229AB003448A5 /* TaskService.swift */,
			);
			path = Services;
			sourceTree = "<group>";
		};
		D37409CE2FB229AB003448A5 /* Shared */ = {
			isa = PBXGroup;
			children = (
				D37409CC2FB229AB003448A5 /* SplashView.swift */,
				D37409CD2FB229AB003448A5 /* WMOGuideView.swift */,
			);
			path = Shared;
			sourceTree = "<group>";
		};
/* End PBXGroup section */

/* Begin PBXNativeTarget section */
		D30283172FA68640008387AB /* Buddy Care */ = {
			isa = PBXNativeTarget;
			buildConfigurationList = D30283232FA68643008387AB /* Build configuration list for PBXNativeTarget "Buddy Care" */;
			buildPhases = (
				D30283142FA68640008387AB /* Sources */,
				D30283152FA68640008387AB /* Frameworks */,
				D30283162FA68640008387AB /* Resources */,
			);
			buildRules = (
			);
			dependencies = (
			);
			name = "Buddy Care";
			packageProductDependencies = (
				D30283D12FA7C932008387AB /* Supabase */,
			);
			productName = "Buddie Care";
			productReference = D30283182FA68640008387AB /* Buddy Care.app */;
			productType = "com.apple.product-type.application";
		};
/* End PBXNativeTarget section */

/* Begin PBXProject section */
		D30283102FA68640008387AB /* Project object */ = {
			isa = PBXProject;
			attributes = {
				BuildIndependentTargetsInParallel = 1;
				LastSwiftUpdateCheck = 2640;
				LastUpgradeCheck = 2640;
				TargetAttributes = {
					D30283172FA68640008387AB = {
						CreatedOnToolsVersion = 26.4.1;
					};
				};
			};
			buildConfigurationList = D30283132FA68640008387AB /* Build configuration list for PBXProject "Buddy Care" */;
			developmentRegion = en;
			hasScannedForEncodings = 0;
			knownRegions = (
				en,
				Base,
			);
			mainGroup = D302830F2FA68640008387AB;
			minimizedProjectReferenceProxies = 1;
			packageReferences = (
				D30283D02FA7C932008387AB /* XCRemoteSwiftPackageReference "supabase-swift" */,
			);
			preferredProjectObjectVersion = 77;
			productRefGroup = D30283192FA68640008387AB /* Products */;
			projectDirPath = "";
			projectRoot = "";
			targets = (
				D30283172FA68640008387AB /* Buddy Care */,
			);
		};
/* End PBXProject section */

/* Begin PBXResourcesBuildPhase section */
		D30283162FA68640008387AB /* Resources */ = {
			isa = PBXResourcesBuildPhase;
			buildActionMask = 2147483647;
			files = (
				D3740A002FB229AB003448A5 /* Assets.xcassets in Resources */,
			);
			runOnlyForDeploymentPostprocessing = 0;
		};
/* End PBXResourcesBuildPhase section */

/* Begin PBXSourcesBuildPhase section */
		D30283142FA68640008387AB /* Sources */ = {
			isa = PBXSourcesBuildPhase;
			buildActionMask = 2147483647;
			files = (
				D37409CF2FB229AB003448A5 /* RoleSelectionView.swift in Sources */,
				D37409D02FB229AB003448A5 /* LoginView.swift in Sources */,
				D37409D12FB229AB003448A5 /* SupabaseManager.swift in Sources */,
				D37409D22FB229AB003448A5 /* NotificationModels.swift in Sources */,
				D37409D32FB229AB003448A5 /* BuddyOnboardingFlow.swift in Sources */,
				D37409D42FB229AB003448A5 /* RequestHelpFlow.swift in Sources */,
				D37409D52FB229AB003448A5 /* CordaanBuddyOnboardingFlow.swift in Sources */,
				D37409D62FB229AB003448A5 /* AdminMembershipsView.swift in Sources */,
				D37409D72FB229AB003448A5 /* BCTypography.swift in Sources */,
				D37409D82FB229AB003448A5 /* SOSView.swift in Sources */,
				D37409D92FB229AB003448A5 /* MockData.swift in Sources */,
				D37409DA2FB229AB003448A5 /* TaskService.swift in Sources */,
				D37409DB2FB229AB003448A5 /* RootView.swift in Sources */,
				D37409DC2FB229AB003448A5 /* BCComponents.swift in Sources */,
				D37409DD2FB229AB003448A5 /* Models.swift in Sources */,
				D37409DE2FB229AB003448A5 /* Config.swift in Sources */,
				D37409DF2FB229AB003448A5 /* BuddyProfileView.swift in Sources */,
				D37409E02FB229AB003448A5 /* ReviewView.swift in Sources */,
				D37409E12FB229AB003448A5 /* EarningsView.swift in Sources */,
				D37409E22FB229AB003448A5 /* CheckInFlow.swift in Sources */,
				D37409E32FB229AB003448A5 /* ElderlyTabView.swift in Sources */,
				D37409E42FB229AB003448A5 /* CoursesView.swift in Sources */,
				D37409E52FB229AB003448A5 /* AdminBillingView.swift in Sources */,
				D37409E62FB229AB003448A5 /* FamilyDashboardView.swift in Sources */,
				D37409E72FB229AB003448A5 /* ElderlyProfileView.swift in Sources */,
				D37409E82FB229AB003448A5 /* CertificateView.swift in Sources */,
				D37409E92FB229AB003448A5 /* AdminTabView.swift in Sources */,
				D3740A032FB23079003448A5 /* AdminPhoneRequestView.swift in Sources */,
				D37409EA2FB229AB003448A5 /* BuddyMapView.swift in Sources */,
				D37409EB2FB229AB003448A5 /* PaymentOverviewView.swift in Sources */,
				D37409EC2FB229AB003448A5 /* BuddyTabView.swift in Sources */,
				D37409ED2FB229AB003448A5 /* ProfileService.swift in Sources */,
				D37409EE2FB229AB003448A5 /* BCColors.swift in Sources */,
				D37409EF2FB229AB003448A5 /* ContentView.swift in Sources */,
				D37409F02FB229AB003448A5 /* TaskFlow.swift in Sources */,
				D37409F12FB229AB003448A5 /* CourseModuleView.swift in Sources */,
				D37409F22FB229AB003448A5 /* WMOGuideView.swift in Sources */,
				D37409F32FB229AB003448A5 /* OrganizationOnboardingFlow.swift in Sources */,
				D37409F42FB229AB003448A5 /* Buddie_CareApp.swift in Sources */,
				D37409F52FB229AB003448A5 /* ActivityTimelineView.swift in Sources */,
				D37409F62FB229AB003448A5 /* AuthService.swift in Sources */,
				D37409F72FB229AB003448A5 /* FamilyTabView.swift in Sources */,
				D37409F82FB229AB003448A5 /* AppState.swift in Sources */,
				D37409F92FB229AB003448A5 /* FamilyProfileView.swift in Sources */,
				D37409FA2FB229AB003448A5 /* MockServices.swift in Sources */,
				D37409FB2FB229AB003448A5 /* SplashView.swift in Sources */,
				D37409FC2FB229AB003448A5 /* FamilyLinkingView.swift in Sources */,
				D37409FD2FB229AB003448A5 /* ElderlyHomeView.swift in Sources */,
				D37409FE2FB229AB003448A5 /* CourseContent.swift in Sources */,
				D37409FF2FB229AB003448A5 /* MyBuddiesView.swift in Sources */,
				AA01ABCD2FC100000000B001 /* SpeechService.swift in Sources */,
				AA02ABCD2FC100000000B002 /* MatchingService.swift in Sources */,
				AA03ABCD2FC100000000B003 /* VoiceTaskInputView.swift in Sources */,
				AA04ABCD2FC100000000B004 /* BuddyPreferencesView.swift in Sources */,
				AA05ABCD2FC100000000B005 /* LevelUnlockedPreferencesSheet.swift in Sources */,
			);
			runOnlyForDeploymentPostprocessing = 0;
		};
/* End PBXSourcesBuildPhase section */

/* Begin XCBuildConfiguration section */
		D30283212FA68643008387AB /* Debug */ = {
			isa = XCBuildConfiguration;
			buildSettings = {
				ALWAYS_SEARCH_USER_PATHS = NO;
				ASSETCATALOG_COMPILER_GENERATE_SWIFT_ASSET_SYMBOL_EXTENSIONS = YES;
				CLANG_ANALYZER_NONNULL = YES;
				CLANG_ANALYZER_NUMBER_OBJECT_CONVERSION = YES_AGGRESSIVE;
				CLANG_CXX_LANGUAGE_STANDARD = "gnu++20";
				CLANG_ENABLE_MODULES = YES;
				CLANG_ENABLE_OBJC_ARC = YES;
				CLANG_ENABLE_OBJC_WEAK = YES;
				CLANG_WARN_BLOCK_CAPTURE_AUTORELEASING = YES;
				CLANG_WARN_BOOL_CONVERSION = YES;
				CLANG_WARN_COMMA = YES;
				CLANG_WARN_CONSTANT_CONVERSION = YES;
				CLANG_WARN_DEPRECATED_OBJC_IMPLEMENTATIONS = YES;
				CLANG_WARN_DIRECT_OBJC_ISA_USAGE = YES_ERROR;
				CLANG_WARN_DOCUMENTATION_COMMENTS = YES;
				CLANG_WARN_EMPTY_BODY = YES;
				CLANG_WARN_ENUM_CONVERSION = YES;
				CLANG_WARN_INFINITE_RECURSION = YES;
				CLANG_WARN_INT_CONVERSION = YES;
				CLANG_WARN_NON_LITERAL_NULL_CONVERSION = YES;
				CLANG_WARN_OBJC_IMPLICIT_RETAIN_SELF = YES;
				CLANG_WARN_OBJC_LITERAL_CONVERSION = YES;
				CLANG_WARN_OBJC_ROOT_CLASS = YES_ERROR;
				CLANG_WARN_QUOTED_INCLUDE_IN_FRAMEWORK_HEADER = YES;
				CLANG_WARN_RANGE_LOOP_ANALYSIS = YES;
				CLANG_WARN_STRICT_PROTOTYPES = YES;
				CLANG_WARN_SUSPICIOUS_MOVE = YES;
				CLANG_WARN_UNGUARDED_AVAILABILITY = YES_AGGRESSIVE;
				CLANG_WARN_UNREACHABLE_CODE = YES;
				CLANG_WARN__DUPLICATE_METHOD_MATCH = YES;
				COPY_PHASE_STRIP = NO;
				DEBUG_INFORMATION_FORMAT = dwarf;
				DEVELOPMENT_TEAM = 5QFB2FHYYQ;
				ENABLE_STRICT_OBJC_MSGSEND = YES;
				ENABLE_TESTABILITY = YES;
				ENABLE_USER_SCRIPT_SANDBOXING = YES;
				GCC_C_LANGUAGE_STANDARD = gnu17;
				GCC_DYNAMIC_NO_PIC = NO;
				GCC_NO_COMMON_BLOCKS = YES;
				GCC_OPTIMIZATION_LEVEL = 0;
				GCC_PREPROCESSOR_DEFINITIONS = (
					"DEBUG=1",
					"$(inherited)",
				);
				GCC_WARN_64_TO_32_BIT_CONVERSION = YES;
				GCC_WARN_ABOUT_RETURN_TYPE = YES_ERROR;
				GCC_WARN_UNDECLARED_SELECTOR = YES;
				GCC_WARN_UNINITIALIZED_AUTOS = YES_AGGRESSIVE;
				GCC_WARN_UNUSED_FUNCTION = YES;
				GCC_WARN_UNUSED_VARIABLE = YES;
				IPHONEOS_DEPLOYMENT_TARGET = 26.4;
				LOCALIZATION_PREFERS_STRING_CATALOGS = YES;
				MTL_ENABLE_DEBUG_INFO = INCLUDE_SOURCE;
				MTL_FAST_MATH = YES;
				ONLY_ACTIVE_ARCH = YES;
				SDKROOT = iphoneos;
				SWIFT_ACTIVE_COMPILATION_CONDITIONS = "DEBUG $(inherited)";
				SWIFT_OPTIMIZATION_LEVEL = "-Onone";
			};
			name = Debug;
		};
		D30283222FA68643008387AB /* Release */ = {
			isa = XCBuildConfiguration;
			buildSettings = {
				ALWAYS_SEARCH_USER_PATHS = NO;
				ASSETCATALOG_COMPILER_GENERATE_SWIFT_ASSET_SYMBOL_EXTENSIONS = YES;
				CLANG_ANALYZER_NONNULL = YES;
				CLANG_ANALYZER_NUMBER_OBJECT_CONVERSION = YES_AGGRESSIVE;
				CLANG_CXX_LANGUAGE_STANDARD = "gnu++20";
				CLANG_ENABLE_MODULES = YES;
				CLANG_ENABLE_OBJC_ARC = YES;
				CLANG_ENABLE_OBJC_WEAK = YES;
				CLANG_WARN_BLOCK_CAPTURE_AUTORELEASING = YES;
				CLANG_WARN_BOOL_CONVERSION = YES;
				CLANG_WARN_COMMA = YES;
				CLANG_WARN_CONSTANT_CONVERSION = YES;
				CLANG_WARN_DEPRECATED_OBJC_IMPLEMENTATIONS = YES;
				CLANG_WARN_DIRECT_OBJC_ISA_USAGE = YES_ERROR;
				CLANG_WARN_DOCUMENTATION_COMMENTS = YES;
				CLANG_WARN_EMPTY_BODY = YES;
				CLANG_WARN_ENUM_CONVERSION = YES;
				CLANG_WARN_INFINITE_RECURSION = YES;
				CLANG_WARN_INT_CONVERSION = YES;
				CLANG_WARN_NON_LITERAL_NULL_CONVERSION = YES;
				CLANG_WARN_OBJC_IMPLICIT_RETAIN_SELF = YES;
				CLANG_WARN_OBJC_LITERAL_CONVERSION = YES;
				CLANG_WARN_OBJC_ROOT_CLASS = YES_ERROR;
				CLANG_WARN_QUOTED_INCLUDE_IN_FRAMEWORK_HEADER = YES;
				CLANG_WARN_RANGE_LOOP_ANALYSIS = YES;
				CLANG_WARN_STRICT_PROTOTYPES = YES;
				CLANG_WARN_SUSPICIOUS_MOVE = YES;
				CLANG_WARN_UNGUARDED_AVAILABILITY = YES_AGGRESSIVE;
				CLANG_WARN_UNREACHABLE_CODE = YES;
				CLANG_WARN__DUPLICATE_METHOD_MATCH = YES;
				COPY_PHASE_STRIP = NO;
				DEBUG_INFORMATION_FORMAT = "dwarf-with-dsym";
				DEVELOPMENT_TEAM = 5QFB2FHYYQ;
				ENABLE_NS_ASSERTIONS = NO;
				ENABLE_STRICT_OBJC_MSGSEND = YES;
				ENABLE_USER_SCRIPT_SANDBOXING = YES;
				GCC_C_LANGUAGE_STANDARD = gnu17;
				GCC_NO_COMMON_BLOCKS = YES;
				GCC_WARN_64_TO_32_BIT_CONVERSION = YES;
				GCC_WARN_ABOUT_RETURN_TYPE = YES_ERROR;
				GCC_WARN_UNDECLARED_SELECTOR = YES;
				GCC_WARN_UNINITIALIZED_AUTOS = YES_AGGRESSIVE;
				GCC_WARN_UNUSED_FUNCTION = YES;
				GCC_WARN_UNUSED_VARIABLE = YES;
				IPHONEOS_DEPLOYMENT_TARGET = 26.4;
				LOCALIZATION_PREFERS_STRING_CATALOGS = YES;
				MTL_ENABLE_DEBUG_INFO = NO;
				MTL_FAST_MATH = YES;
				SDKROOT = iphoneos;
				SWIFT_COMPILATION_MODE = wholemodule;
				VALIDATE_PRODUCT = YES;
			};
			name = Release;
		};
		D30283242FA68643008387AB /* Debug */ = {
			isa = XCBuildConfiguration;
			buildSettings = {
				ASSETCATALOG_COMPILER_APPICON_NAME = AppIcon;
				ASSETCATALOG_COMPILER_GLOBAL_ACCENT_COLOR_NAME = AccentColor;
				CODE_SIGN_ENTITLEMENTS = "Buddy Care.entitlements";
				CODE_SIGN_STYLE = Automatic;
				CURRENT_PROJECT_VERSION = 1;
				DEVELOPMENT_TEAM = 5QFB2FHYYQ;
				ENABLE_PREVIEWS = YES;
				GENERATE_INFOPLIST_FILE = YES;
				INFOPLIST_KEY_ITSAppUsesNonExemptEncryption = NO;
				INFOPLIST_KEY_NSCameraUsageDescription = "Buddy Care gebruikt de camera voor de selfie-check en het scannen van de QR-code bij inchecken.";
				INFOPLIST_KEY_NSLocationWhenInUseUsageDescription = "Buddy Care controleert of je op de juiste locatie bent bij het inchecken.";
				INFOPLIST_KEY_NSMicrophoneUsageDescription = "Buddy Care gebruikt de microfoon zodat u uw vraag kunt inspreken in plaats van typen.";
				INFOPLIST_KEY_NSSpeechRecognitionUsageDescription = "Buddy Care zet uw stem om in tekst zodat we de juiste buddy voor u kunnen vinden.";
				INFOPLIST_KEY_UIApplicationSceneManifest_Generation = YES;
				INFOPLIST_KEY_UIApplicationSupportsIndirectInputEvents = YES;
				INFOPLIST_KEY_UILaunchScreen_Generation = YES;
				INFOPLIST_KEY_UISupportedInterfaceOrientations_iPad = "UIInterfaceOrientationPortrait UIInterfaceOrientationPortraitUpsideDown UIInterfaceOrientationLandscapeLeft UIInterfaceOrientationLandscapeRight";
				INFOPLIST_KEY_UISupportedInterfaceOrientations_iPhone = "UIInterfaceOrientationPortrait UIInterfaceOrientationLandscapeLeft UIInterfaceOrientationLandscapeRight";
				IPHONEOS_DEPLOYMENT_TARGET = 17.6;
				LD_RUNPATH_SEARCH_PATHS = (
					"$(inherited)",
					"@executable_path/Frameworks",
				);
				MARKETING_VERSION = 1.0;
				PRODUCT_BUNDLE_IDENTIFIER = "com.JelleWeijland.Buddie-Care";
				PRODUCT_NAME = "$(TARGET_NAME)";
				STRING_CATALOG_GENERATE_SYMBOLS = YES;
				SWIFT_APPROACHABLE_CONCURRENCY = YES;
				SWIFT_DEFAULT_ACTOR_ISOLATION = MainActor;
				SWIFT_EMIT_LOC_STRINGS = YES;
				SWIFT_UPCOMING_FEATURE_MEMBER_IMPORT_VISIBILITY = YES;
				SWIFT_VERSION = 5.0;
				TARGETED_DEVICE_FAMILY = "1,2";
			};
			name = Debug;
		};
		D30283252FA68643008387AB /* Release */ = {
			isa = XCBuildConfiguration;
			buildSettings = {
				ASSETCATALOG_COMPILER_APPICON_NAME = AppIcon;
				ASSETCATALOG_COMPILER_GLOBAL_ACCENT_COLOR_NAME = AccentColor;
				CODE_SIGN_ENTITLEMENTS = "Buddy Care.entitlements";
				CODE_SIGN_STYLE = Automatic;
				CURRENT_PROJECT_VERSION = 1;
				DEVELOPMENT_TEAM = 5QFB2FHYYQ;
				ENABLE_PREVIEWS = YES;
				GENERATE_INFOPLIST_FILE = YES;
				INFOPLIST_KEY_ITSAppUsesNonExemptEncryption = NO;
				INFOPLIST_KEY_NSCameraUsageDescription = "Buddy Care gebruikt de camera voor de selfie-check en het scannen van de QR-code bij inchecken.";
				INFOPLIST_KEY_NSLocationWhenInUseUsageDescription = "Buddy Care controleert of je op de juiste locatie bent bij het inchecken.";
				INFOPLIST_KEY_NSMicrophoneUsageDescription = "Buddy Care gebruikt de microfoon zodat u uw vraag kunt inspreken in plaats van typen.";
				INFOPLIST_KEY_NSSpeechRecognitionUsageDescription = "Buddy Care zet uw stem om in tekst zodat we de juiste buddy voor u kunnen vinden.";
				INFOPLIST_KEY_UIApplicationSceneManifest_Generation = YES;
				INFOPLIST_KEY_UIApplicationSupportsIndirectInputEvents = YES;
				INFOPLIST_KEY_UILaunchScreen_Generation = YES;
				INFOPLIST_KEY_UISupportedInterfaceOrientations_iPad = "UIInterfaceOrientationPortrait UIInterfaceOrientationPortraitUpsideDown UIInterfaceOrientationLandscapeLeft UIInterfaceOrientationLandscapeRight";
				INFOPLIST_KEY_UISupportedInterfaceOrientations_iPhone = "UIInterfaceOrientationPortrait UIInterfaceOrientationLandscapeLeft UIInterfaceOrientationLandscapeRight";
				IPHONEOS_DEPLOYMENT_TARGET = 17.6;
				LD_RUNPATH_SEARCH_PATHS = (
					"$(inherited)",
					"@executable_path/Frameworks",
				);
				MARKETING_VERSION = 1.0;
				PRODUCT_BUNDLE_IDENTIFIER = "com.JelleWeijland.Buddie-Care";
				PRODUCT_NAME = "$(TARGET_NAME)";
				STRING_CATALOG_GENERATE_SYMBOLS = YES;
				SWIFT_APPROACHABLE_CONCURRENCY = YES;
				SWIFT_DEFAULT_ACTOR_ISOLATION = MainActor;
				SWIFT_EMIT_LOC_STRINGS = YES;
				SWIFT_UPCOMING_FEATURE_MEMBER_IMPORT_VISIBILITY = YES;
				SWIFT_VERSION = 5.0;
				TARGETED_DEVICE_FAMILY = "1,2";
			};
			name = Release;
		};
/* End XCBuildConfiguration section */

/* Begin XCConfigurationList section */
		D30283132FA68640008387AB /* Build configuration list for PBXProject "Buddy Care" */ = {
			isa = XCConfigurationList;
			buildConfigurations = (
				D30283212FA68643008387AB /* Debug */,
				D30283222FA68643008387AB /* Release */,
			);
			defaultConfigurationIsVisible = 0;
			defaultConfigurationName = Release;
		};
		D30283232FA68643008387AB /* Build configuration list for PBXNativeTarget "Buddy Care" */ = {
			isa = XCConfigurationList;
			buildConfigurations = (
				D30283242FA68643008387AB /* Debug */,
				D30283252FA68643008387AB /* Release */,
			);
			defaultConfigurationIsVisible = 0;
			defaultConfigurationName = Release;
		};
/* End XCConfigurationList section */

/* Begin XCRemoteSwiftPackageReference section */
		D30283D02FA7C932008387AB /* XCRemoteSwiftPackageReference "supabase-swift" */ = {
			isa = XCRemoteSwiftPackageReference;
			repositoryURL = "https://github.com/supabase/supabase-swift";
			requirement = {
				kind = upToNextMajorVersion;
				minimumVersion = 2.0.0;
			};
		};
/* End XCRemoteSwiftPackageReference section */

/* Begin XCSwiftPackageProductDependency section */
		D30283D12FA7C932008387AB /* Supabase */ = {
			isa = XCSwiftPackageProductDependency;
			package = D30283D02FA7C932008387AB /* XCRemoteSwiftPackageReference "supabase-swift" */;
			productName = Supabase;
		};
/* End XCSwiftPackageProductDependency section */
	};
	rootObject = D30283102FA68640008387AB /* Project object */;
}
